
Microsoft Visual Studio Solution File, Format Version 12.00
# Visual Studio 15
VisualStudioVersion = 15.0.27004.2002
MinimumVisualStudioVersion = 10.0.40219.1
Project("{FAE04EC0-301F-11D3-BF4B-00C04F79EFBC}") = "WpfWebService", "WpfWebService\WpfWebService.csproj", "{7603C9C1-6E9F-4077-B2F4-8BDAA3954DBB}"
EndProject
Global
	GlobalSection(SolutionConfigurationPlatforms) = preSolution
		Debug|Any CPU = Debug|Any CPU
		Release|Any CPU = Release|Any CPU
	EndGlobalSection
	GlobalSection(ProjectConfigurationPlatforms) = postSolution
		{7603C9C1-6E9F-4077-B2F4-8BDAA3954DBB}.Debug|Any CPU.ActiveCfg = Debug|Any CPU
		{7603C9C1-6E9F-4077-B2F4-8BDAA3954DBB}.Debug|Any CPU.Build.0 = Debug|Any CPU
		{7603C9C1-6E9F-4077-B2F4-8BDAA3954DBB}.Release|Any CPU.ActiveCfg = Release|Any CPU
		{7603C9C1-6E9F-4077-B2F4-8BDAA3954DBB}.Release|Any CPU.Build.0 = Release|Any CPU
	EndGlobalSection
	GlobalSection(SolutionProperties) = preSolution
		HideSolutionNode = FALSE
	EndGlobalSection
	GlobalSection(ExtensibilityGlobals) = postSolution
		SolutionGuid = {8B93986D-632C-4D37-BA87-754EFA4C7B8A}
	EndGlobalSection
EndGlobal
